{
  "nodes": {
    "flakeNimbleLib": {
      "inputs": {
        "nixpkgs": [
          "nixpkgs"
        ]
      },
      "locked": {
        "lastModified": 1646967037,
        "narHash": "sha256-BoEqkGzLVnFICrF15wczZJrfF1vMVngRzF5cEgFzdzU=",
        "owner": "riinr",
        "repo": "nim-flakes-lib",
        "rev": "028e7596fdb918b72a295d220d48417ab2f5dfd1",
        "type": "github"
      },
      "original": {
        "owner": "riinr",
        "ref": "master",
        "repo": "nim-flakes-lib",
        "type": "github"
      }
    },
    "ioselectors-master": {
      "inputs": {
        "flakeNimbleLib": [
          "flakeNimbleLib"
        ],
        "nixpkgs": [
          "nixpkgs"
        ],
        "src-ioselectors-master": "src-ioselectors-master",
        "wepoll": "wepoll"
      },
      "locked": {
        "dir": "master",
        "lastModified": 1647312028,
        "narHash": "sha256-ZJ626v1kjINgoi5H6bNM1c7AxqqU/6Yhv3u+UIb+HG4=",
        "owner": "nim-nix-pkgs",
        "repo": "ioselectors",
        "rev": "842b84eb7aed38b02c7476593536edfaeef586a3",
        "type": "github"
      },
      "original": {
        "dir": "master",
        "owner": "nim-nix-pkgs",
        "ref": "master",
        "repo": "ioselectors",
        "type": "github"
      }
    },
    "ioselectors-v0_1_0": {
      "inputs": {
        "flakeNimbleLib": [
          "flakeNimbleLib"
        ],
        "nixpkgs": [
          "nixpkgs"
        ],
        "src-ioselectors-v0_1_0": "src-ioselectors-v0_1_0",
        "wepoll": "wepoll_2"
      },
      "locked": {
        "dir": "v0_1_0",
        "lastModified": 1647312028,
        "narHash": "sha256-ZJ626v1kjINgoi5H6bNM1c7AxqqU/6Yhv3u+UIb+HG4=",
        "owner": "nim-nix-pkgs",
        "repo": "ioselectors",
        "rev": "842b84eb7aed38b02c7476593536edfaeef586a3",
        "type": "github"
      },
      "original": {
        "dir": "v0_1_0",
        "owner": "nim-nix-pkgs",
        "ref": "master",
        "repo": "ioselectors",
        "type": "github"
      }
    },
    "ioselectors-v0_1_2": {
      "inputs": {
        "flakeNimbleLib": [
          "flakeNimbleLib"
        ],
        "nixpkgs": [
          "nixpkgs"
        ],
        "src-ioselectors-v0_1_2": "src-ioselectors-v0_1_2",
        "timerwheel": "timerwheel",
        "wepoll": "wepoll_3"
      },
      "locked": {
        "dir": "v0_1_2",
        "lastModified": 1647312028,
        "narHash": "sha256-ZJ626v1kjINgoi5H6bNM1c7AxqqU/6Yhv3u+UIb+HG4=",
        "owner": "nim-nix-pkgs",
        "repo": "ioselectors",
        "rev": "842b84eb7aed38b02c7476593536edfaeef586a3",
        "type": "github"
      },
      "original": {
        "dir": "v0_1_2",
        "owner": "nim-nix-pkgs",
        "ref": "master",
        "repo": "ioselectors",
        "type": "github"
      }
    },
    "ioselectors-v0_1_4": {
      "inputs": {
        "flakeNimbleLib": [
          "flakeNimbleLib"
        ],
        "nixpkgs": [
          "nixpkgs"
        ],
        "src-ioselectors-v0_1_4": "src-ioselectors-v0_1_4",
        "timerwheel": "timerwheel_2"
      },
      "locked": {
        "dir": "v0_1_4",
        "lastModified": 1647312028,
        "narHash": "sha256-ZJ626v1kjINgoi5H6bNM1c7AxqqU/6Yhv3u+UIb+HG4=",
        "owner": "nim-nix-pkgs",
        "repo": "ioselectors",
        "rev": "842b84eb7aed38b02c7476593536edfaeef586a3",
        "type": "github"
      },
      "original": {
        "dir": "v0_1_4",
        "owner": "nim-nix-pkgs",
        "ref": "master",
        "repo": "ioselectors",
        "type": "github"
      }
    },
    "ioselectors-v0_1_6": {
      "inputs": {
        "flakeNimbleLib": [
          "flakeNimbleLib"
        ],
        "nixpkgs": [
          "nixpkgs"
        ],
        "src-ioselectors-v0_1_6": "src-ioselectors-v0_1_6",
        "timerwheel": "timerwheel_3"
      },
      "locked": {
        "dir": "v0_1_6",
        "lastModified": 1647312028,
        "narHash": "sha256-ZJ626v1kjINgoi5H6bNM1c7AxqqU/6Yhv3u+UIb+HG4=",
        "owner": "nim-nix-pkgs",
        "repo": "ioselectors",
        "rev": "842b84eb7aed38b02c7476593536edfaeef586a3",
        "type": "github"
      },
      "original": {
        "dir": "v0_1_6",
        "owner": "nim-nix-pkgs",
        "ref": "master",
        "repo": "ioselectors",
        "type": "github"
      }
    },
    "ioselectors-v0_1_8": {
      "inputs": {
        "flakeNimbleLib": [
          "flakeNimbleLib"
        ],
        "nixpkgs": [
          "nixpkgs"
        ],
        "src-ioselectors-v0_1_8": "src-ioselectors-v0_1_8",
        "wepoll": "wepoll_4"
      },
      "locked": {
        "dir": "v0_1_8",
        "lastModified": 1647312028,
        "narHash": "sha256-ZJ626v1kjINgoi5H6bNM1c7AxqqU/6Yhv3u+UIb+HG4=",
        "owner": "nim-nix-pkgs",
        "repo": "ioselectors",
        "rev": "842b84eb7aed38b02c7476593536edfaeef586a3",
        "type": "github"
      },
      "original": {
        "dir": "v0_1_8",
        "owner": "nim-nix-pkgs",
        "ref": "master",
        "repo": "ioselectors",
        "type": "github"
      }
    },
    "nixpkgs": {
      "locked": {
        "narHash": "sha256-+8mazL4KLh6VltXYJc5+QFA5Q1i+Uh/TadRl9/+qcx8=",
        "path": "/nix/store/gddrvlqs5qf1bp3kc80gp3qg5vm8kj76-source",
        "type": "path"
      },
      "original": {
        "id": "nixpkgs",
        "type": "indirect"
      }
    },
    "root": {
      "inputs": {
        "flakeNimbleLib": "flakeNimbleLib",
        "ioselectors-master": "ioselectors-master",
        "ioselectors-v0_1_0": "ioselectors-v0_1_0",
        "ioselectors-v0_1_2": "ioselectors-v0_1_2",
        "ioselectors-v0_1_4": "ioselectors-v0_1_4",
        "ioselectors-v0_1_6": "ioselectors-v0_1_6",
        "ioselectors-v0_1_8": "ioselectors-v0_1_8",
        "nixpkgs": "nixpkgs"
      }
    },
    "src-ioselectors-master": {
      "flake": false,
      "locked": {
        "lastModified": 1604484256,
        "narHash": "sha256-qCnSOE/3yeZ1tFnC+CI1dOu1iUb5kVqtL4YGEqMRZbk=",
        "owner": "xflywind",
        "repo": "ioselectors",
        "rev": "6fcdbf3fddeb239885cd8bce15a0ab63c00647c0",
        "type": "github"
      },
      "original": {
        "owner": "xflywind",
        "ref": "refs/heads/master",
        "repo": "ioselectors",
        "type": "github"
      }
    },
    "src-ioselectors-v0_1_0": {
      "flake": false,
      "locked": {
        "lastModified": 1598495472,
        "narHash": "sha256-q/JfnGYN3hkMStiPRFHytVM/PO1iFkVCa3OmUULo/4o=",
        "owner": "xflywind",
        "repo": "ioselectors",
        "rev": "ef5db4a395ade4f17fcfe328cb8e52c37059fb13",
        "type": "github"
      },
      "original": {
        "owner": "xflywind",
        "ref": "refs/tags/v0.1.0",
        "repo": "ioselectors",
        "type": "github"
      }
    },
    "src-ioselectors-v0_1_2": {
      "flake": false,
      "locked": {
        "lastModified": 1598682238,
        "narHash": "sha256-keJyy2FWcn+rPy+FszVxG6112QiKKWV+xpJQVlaxdtM=",
        "owner": "xflywind",
        "repo": "ioselectors",
        "rev": "9d88fef2451e86e5431d6dbfcc05c7d5914f4f30",
        "type": "github"
      },
      "original": {
        "owner": "xflywind",
        "ref": "refs/tags/v0.1.2",
        "repo": "ioselectors",
        "type": "github"
      }
    },
    "src-ioselectors-v0_1_4": {
      "flake": false,
      "locked": {
        "lastModified": 1600177354,
        "narHash": "sha256-oSvTnFYb02e4SXCKWlySTdCm/6UB3EAJMgYYWKXZL5Y=",
        "owner": "xflywind",
        "repo": "ioselectors",
        "rev": "1df6938c4395b12e742c81a0dd578f94cda065e3",
        "type": "github"
      },
      "original": {
        "owner": "xflywind",
        "ref": "refs/tags/v0.1.4",
        "repo": "ioselectors",
        "type": "github"
      }
    },
    "src-ioselectors-v0_1_6": {
      "flake": false,
      "locked": {
        "lastModified": 1601791925,
        "narHash": "sha256-cFeQ8XXprznzwnH8WfQtwSNvPOCgfTe3Po31eq2feqQ=",
        "owner": "xflywind",
        "repo": "ioselectors",
        "rev": "228e80c168847e87b9965ff236a5fafa8a15a02b",
        "type": "github"
      },
      "original": {
        "owner": "xflywind",
        "ref": "refs/tags/v0.1.6",
        "repo": "ioselectors",
        "type": "github"
      }
    },
    "src-ioselectors-v0_1_8": {
      "flake": false,
      "locked": {
        "lastModified": 1604484256,
        "narHash": "sha256-qCnSOE/3yeZ1tFnC+CI1dOu1iUb5kVqtL4YGEqMRZbk=",
        "owner": "xflywind",
        "repo": "ioselectors",
        "rev": "6fcdbf3fddeb239885cd8bce15a0ab63c00647c0",
        "type": "github"
      },
      "original": {
        "owner": "xflywind",
        "ref": "refs/tags/v0.1.8",
        "repo": "ioselectors",
        "type": "github"
      }
    },
    "src-timerwheel-master": {
      "flake": false,
      "locked": {
        "lastModified": 1599025238,
        "narHash": "sha256-HPLel0nFPy5pmMl0ZkFjzZnJWGJ9umZFzyFG4m7wzXo=",
        "owner": "xflywind",
        "repo": "timerwheel",
        "rev": "ee1cf5b40ed01b721daba214e4816949f6a2f79c",
        "type": "github"
      },
      "original": {
        "owner": "xflywind",
        "ref": "refs/heads/master",
        "repo": "timerwheel",
        "type": "github"
      }
    },
    "src-timerwheel-master_2": {
      "flake": false,
      "locked": {
        "lastModified": 1599025238,
        "narHash": "sha256-HPLel0nFPy5pmMl0ZkFjzZnJWGJ9umZFzyFG4m7wzXo=",
        "owner": "xflywind",
        "repo": "timerwheel",
        "rev": "ee1cf5b40ed01b721daba214e4816949f6a2f79c",
        "type": "github"
      },
      "original": {
        "owner": "xflywind",
        "ref": "refs/heads/master",
        "repo": "timerwheel",
        "type": "github"
      }
    },
    "src-timerwheel-master_3": {
      "flake": false,
      "locked": {
        "lastModified": 1599025238,
        "narHash": "sha256-HPLel0nFPy5pmMl0ZkFjzZnJWGJ9umZFzyFG4m7wzXo=",
        "owner": "xflywind",
        "repo": "timerwheel",
        "rev": "ee1cf5b40ed01b721daba214e4816949f6a2f79c",
        "type": "github"
      },
      "original": {
        "owner": "xflywind",
        "ref": "refs/heads/master",
        "repo": "timerwheel",
        "type": "github"
      }
    },
    "src-timerwheel-v0_1_2": {
      "flake": false,
      "locked": {
        "lastModified": 1598961903,
        "narHash": "sha256-RsgJa3zHPNypmDUNOtMejfTOzssqGnTXJqb5WQbqZnk=",
        "owner": "xflywind",
        "repo": "timerwheel",
        "rev": "53bc0e6dfbfa44e6d3cd824bff6c3919626045b1",
        "type": "github"
      },
      "original": {
        "owner": "xflywind",
        "ref": "refs/tags/v0.1.2",
        "repo": "timerwheel",
        "type": "github"
      }
    },
    "src-timerwheel-v0_1_2_2": {
      "flake": false,
      "locked": {
        "lastModified": 1598961903,
        "narHash": "sha256-RsgJa3zHPNypmDUNOtMejfTOzssqGnTXJqb5WQbqZnk=",
        "owner": "xflywind",
        "repo": "timerwheel",
        "rev": "53bc0e6dfbfa44e6d3cd824bff6c3919626045b1",
        "type": "github"
      },
      "original": {
        "owner": "xflywind",
        "ref": "refs/tags/v0.1.2",
        "repo": "timerwheel",
        "type": "github"
      }
    },
    "src-timerwheel-v0_1_2_3": {
      "flake": false,
      "locked": {
        "lastModified": 1598961903,
        "narHash": "sha256-RsgJa3zHPNypmDUNOtMejfTOzssqGnTXJqb5WQbqZnk=",
        "owner": "xflywind",
        "repo": "timerwheel",
        "rev": "53bc0e6dfbfa44e6d3cd824bff6c3919626045b1",
        "type": "github"
      },
      "original": {
        "owner": "xflywind",
        "ref": "refs/tags/v0.1.2",
        "repo": "timerwheel",
        "type": "github"
      }
    },
    "src-wepoll-master": {
      "flake": false,
      "locked": {
        "lastModified": 1645866505,
        "narHash": "sha256-iK5GouMRl7M1aWm2/qQRFLb83N1h1t36qgx5jSWFEHE=",
        "owner": "xflywind",
        "repo": "wepoll",
        "rev": "b6d836b2e3eb7a1744dd86c60d825b893339d2d7",
        "type": "github"
      },
      "original": {
        "owner": "xflywind",
        "ref": "refs/heads/master",
        "repo": "wepoll",
        "type": "github"
      }
    },
    "src-wepoll-master_2": {
      "flake": false,
      "locked": {
        "lastModified": 1645866505,
        "narHash": "sha256-iK5GouMRl7M1aWm2/qQRFLb83N1h1t36qgx5jSWFEHE=",
        "owner": "xflywind",
        "repo": "wepoll",
        "rev": "b6d836b2e3eb7a1744dd86c60d825b893339d2d7",
        "type": "github"
      },
      "original": {
        "owner": "xflywind",
        "ref": "refs/heads/master",
        "repo": "wepoll",
        "type": "github"
      }
    },
    "src-wepoll-master_3": {
      "flake": false,
      "locked": {
        "lastModified": 1645866505,
        "narHash": "sha256-iK5GouMRl7M1aWm2/qQRFLb83N1h1t36qgx5jSWFEHE=",
        "owner": "xflywind",
        "repo": "wepoll",
        "rev": "b6d836b2e3eb7a1744dd86c60d825b893339d2d7",
        "type": "github"
      },
      "original": {
        "owner": "xflywind",
        "ref": "refs/heads/master",
        "repo": "wepoll",
        "type": "github"
      }
    },
    "src-wepoll-master_4": {
      "flake": false,
      "locked": {
        "lastModified": 1645866505,
        "narHash": "sha256-iK5GouMRl7M1aWm2/qQRFLb83N1h1t36qgx5jSWFEHE=",
        "owner": "xflywind",
        "repo": "wepoll",
        "rev": "b6d836b2e3eb7a1744dd86c60d825b893339d2d7",
        "type": "github"
      },
      "original": {
        "owner": "xflywind",
        "ref": "refs/heads/master",
        "repo": "wepoll",
        "type": "github"
      }
    },
    "src-wepoll-v0_1_0": {
      "flake": false,
      "locked": {
        "lastModified": 1596505072,
        "narHash": "sha256-2y5blfgaAAe1PWH72sdbuzqkfnJP5ztm4malRG7zCvE=",
        "owner": "xflywind",
        "repo": "wepoll",
        "rev": "c49c3280130bb724f1601b1d42f5b7deabad3198",
        "type": "github"
      },
      "original": {
        "owner": "xflywind",
        "ref": "refs/tags/v0.1.0",
        "repo": "wepoll",
        "type": "github"
      }
    },
    "src-wepoll-v0_1_0_2": {
      "flake": false,
      "locked": {
        "lastModified": 1596505072,
        "narHash": "sha256-2y5blfgaAAe1PWH72sdbuzqkfnJP5ztm4malRG7zCvE=",
        "owner": "xflywind",
        "repo": "wepoll",
        "rev": "c49c3280130bb724f1601b1d42f5b7deabad3198",
        "type": "github"
      },
      "original": {
        "owner": "xflywind",
        "ref": "refs/tags/v0.1.0",
        "repo": "wepoll",
        "type": "github"
      }
    },
    "src-wepoll-v0_1_0_3": {
      "flake": false,
      "locked": {
        "lastModified": 1596505072,
        "narHash": "sha256-2y5blfgaAAe1PWH72sdbuzqkfnJP5ztm4malRG7zCvE=",
        "owner": "xflywind",
        "repo": "wepoll",
        "rev": "c49c3280130bb724f1601b1d42f5b7deabad3198",
        "type": "github"
      },
      "original": {
        "owner": "xflywind",
        "ref": "refs/tags/v0.1.0",
        "repo": "wepoll",
        "type": "github"
      }
    },
    "src-wepoll-v0_1_0_4": {
      "flake": false,
      "locked": {
        "lastModified": 1596505072,
        "narHash": "sha256-2y5blfgaAAe1PWH72sdbuzqkfnJP5ztm4malRG7zCvE=",
        "owner": "xflywind",
        "repo": "wepoll",
        "rev": "c49c3280130bb724f1601b1d42f5b7deabad3198",
        "type": "github"
      },
      "original": {
        "owner": "xflywind",
        "ref": "refs/tags/v0.1.0",
        "repo": "wepoll",
        "type": "github"
      }
    },
    "timerwheel": {
      "inputs": {
        "flakeNimbleLib": [
          "ioselectors-v0_1_2",
          "flakeNimbleLib"
        ],
        "nixpkgs": [
          "ioselectors-v0_1_2",
          "nixpkgs"
        ],
        "timerwheel-master": "timerwheel-master",
        "timerwheel-v0_1_2": "timerwheel-v0_1_2"
      },
      "locked": {
        "lastModified": 1647397665,
        "narHash": "sha256-hw1zK1hSmKoUghAk1EtO0OP8n6htGhJt2hYJa7gfGDk=",
        "owner": "nim-nix-pkgs",
        "repo": "timerwheel",
        "rev": "67745016a624b04a68164318006a473f7c8b269b",
        "type": "github"
      },
      "original": {
        "owner": "nim-nix-pkgs",
        "ref": "master",
        "repo": "timerwheel",
        "type": "github"
      }
    },
    "timerwheel-master": {
      "inputs": {
        "flakeNimbleLib": [
          "ioselectors-v0_1_2",
          "timerwheel",
          "flakeNimbleLib"
        ],
        "nixpkgs": [
          "ioselectors-v0_1_2",
          "timerwheel",
          "nixpkgs"
        ],
        "src-timerwheel-master": "src-timerwheel-master"
      },
      "locked": {
        "dir": "master",
        "lastModified": 1647311493,
        "narHash": "sha256-x962ft22s5oaPn62aoijo46mZ9qyXyDaNDmQmj7Npeo=",
        "owner": "nim-nix-pkgs",
        "repo": "timerwheel",
        "rev": "3d6ac69fa7cf23cda62949372f4f1efdd8d84677",
        "type": "github"
      },
      "original": {
        "dir": "master",
        "owner": "nim-nix-pkgs",
        "ref": "master",
        "repo": "timerwheel",
        "type": "github"
      }
    },
    "timerwheel-master_2": {
      "inputs": {
        "flakeNimbleLib": [
          "ioselectors-v0_1_4",
          "timerwheel",
          "flakeNimbleLib"
        ],
        "nixpkgs": [
          "ioselectors-v0_1_4",
          "timerwheel",
          "nixpkgs"
        ],
        "src-timerwheel-master": "src-timerwheel-master_2"
      },
      "locked": {
        "dir": "master",
        "lastModified": 1647311493,
        "narHash": "sha256-x962ft22s5oaPn62aoijo46mZ9qyXyDaNDmQmj7Npeo=",
        "owner": "nim-nix-pkgs",
        "repo": "timerwheel",
        "rev": "3d6ac69fa7cf23cda62949372f4f1efdd8d84677",
        "type": "github"
      },
      "original": {
        "dir": "master",
        "owner": "nim-nix-pkgs",
        "ref": "master",
        "repo": "timerwheel",
        "type": "github"
      }
    },
    "timerwheel-master_3": {
      "inputs": {
        "flakeNimbleLib": [
          "ioselectors-v0_1_6",
          "timerwheel",
          "flakeNimbleLib"
        ],
        "nixpkgs": [
          "ioselectors-v0_1_6",
          "timerwheel",
          "nixpkgs"
        ],
        "src-timerwheel-master": "src-timerwheel-master_3"
      },
      "locked": {
        "dir": "master",
        "lastModified": 1647311493,
        "narHash": "sha256-x962ft22s5oaPn62aoijo46mZ9qyXyDaNDmQmj7Npeo=",
        "owner": "nim-nix-pkgs",
        "repo": "timerwheel",
        "rev": "3d6ac69fa7cf23cda62949372f4f1efdd8d84677",
        "type": "github"
      },
      "original": {
        "dir": "master",
        "owner": "nim-nix-pkgs",
        "ref": "master",
        "repo": "timerwheel",
        "type": "github"
      }
    },
    "timerwheel-v0_1_2": {
      "inputs": {
        "flakeNimbleLib": [
          "ioselectors-v0_1_2",
          "timerwheel",
          "flakeNimbleLib"
        ],
        "nixpkgs": [
          "ioselectors-v0_1_2",
          "timerwheel",
          "nixpkgs"
        ],
        "src-timerwheel-v0_1_2": "src-timerwheel-v0_1_2"
      },
      "locked": {
        "dir": "v0_1_2",
        "lastModified": 1647311493,
        "narHash": "sha256-x962ft22s5oaPn62aoijo46mZ9qyXyDaNDmQmj7Npeo=",
        "owner": "nim-nix-pkgs",
        "repo": "timerwheel",
        "rev": "3d6ac69fa7cf23cda62949372f4f1efdd8d84677",
        "type": "github"
      },
      "original": {
        "dir": "v0_1_2",
        "owner": "nim-nix-pkgs",
        "ref": "master",
        "repo": "timerwheel",
        "type": "github"
      }
    },
    "timerwheel-v0_1_2_2": {
      "inputs": {
        "flakeNimbleLib": [
          "ioselectors-v0_1_4",
          "timerwheel",
          "flakeNimbleLib"
        ],
        "nixpkgs": [
          "ioselectors-v0_1_4",
          "timerwheel",
          "nixpkgs"
        ],
        "src-timerwheel-v0_1_2": "src-timerwheel-v0_1_2_2"
      },
      "locked": {
        "dir": "v0_1_2",
        "lastModified": 1647311493,
        "narHash": "sha256-x962ft22s5oaPn62aoijo46mZ9qyXyDaNDmQmj7Npeo=",
        "owner": "nim-nix-pkgs",
        "repo": "timerwheel",
        "rev": "3d6ac69fa7cf23cda62949372f4f1efdd8d84677",
        "type": "github"
      },
      "original": {
        "dir": "v0_1_2",
        "owner": "nim-nix-pkgs",
        "ref": "master",
        "repo": "timerwheel",
        "type": "github"
      }
    },
    "timerwheel-v0_1_2_3": {
      "inputs": {
        "flakeNimbleLib": [
          "ioselectors-v0_1_6",
          "timerwheel",
          "flakeNimbleLib"
        ],
        "nixpkgs": [
          "ioselectors-v0_1_6",
          "timerwheel",
          "nixpkgs"
        ],
        "src-timerwheel-v0_1_2": "src-timerwheel-v0_1_2_3"
      },
      "locked": {
        "dir": "v0_1_2",
        "lastModified": 1647311493,
        "narHash": "sha256-x962ft22s5oaPn62aoijo46mZ9qyXyDaNDmQmj7Npeo=",
        "owner": "nim-nix-pkgs",
        "repo": "timerwheel",
        "rev": "3d6ac69fa7cf23cda62949372f4f1efdd8d84677",
        "type": "github"
      },
      "original": {
        "dir": "v0_1_2",
        "owner": "nim-nix-pkgs",
        "ref": "master",
        "repo": "timerwheel",
        "type": "github"
      }
    },
    "timerwheel_2": {
      "inputs": {
        "flakeNimbleLib": [
          "ioselectors-v0_1_4",
          "flakeNimbleLib"
        ],
        "nixpkgs": [
          "ioselectors-v0_1_4",
          "nixpkgs"
        ],
        "timerwheel-master": "timerwheel-master_2",
        "timerwheel-v0_1_2": "timerwheel-v0_1_2_2"
      },
      "locked": {
        "lastModified": 1647397665,
        "narHash": "sha256-hw1zK1hSmKoUghAk1EtO0OP8n6htGhJt2hYJa7gfGDk=",
        "owner": "nim-nix-pkgs",
        "repo": "timerwheel",
        "rev": "67745016a624b04a68164318006a473f7c8b269b",
        "type": "github"
      },
      "original": {
        "owner": "nim-nix-pkgs",
        "ref": "master",
        "repo": "timerwheel",
        "type": "github"
      }
    },
    "timerwheel_3": {
      "inputs": {
        "flakeNimbleLib": [
          "ioselectors-v0_1_6",
          "flakeNimbleLib"
        ],
        "nixpkgs": [
          "ioselectors-v0_1_6",
          "nixpkgs"
        ],
        "timerwheel-master": "timerwheel-master_3",
        "timerwheel-v0_1_2": "timerwheel-v0_1_2_3"
      },
      "locked": {
        "lastModified": 1647397665,
        "narHash": "sha256-hw1zK1hSmKoUghAk1EtO0OP8n6htGhJt2hYJa7gfGDk=",
        "owner": "nim-nix-pkgs",
        "repo": "timerwheel",
        "rev": "67745016a624b04a68164318006a473f7c8b269b",
        "type": "github"
      },
      "original": {
        "owner": "nim-nix-pkgs",
        "ref": "master",
        "repo": "timerwheel",
        "type": "github"
      }
    },
    "wepoll": {
      "inputs": {
        "flakeNimbleLib": [
          "ioselectors-master",
          "flakeNimbleLib"
        ],
        "nixpkgs": [
          "ioselectors-master",
          "nixpkgs"
        ],
        "wepoll-master": "wepoll-master",
        "wepoll-v0_1_0": "wepoll-v0_1_0"
      },
      "locked": {
        "lastModified": 1647398772,
        "narHash": "sha256-oIpVdhSaQ6iqlDcf/WnXcFleGZnsJ8slBTwXbysVPXc=",
        "owner": "nim-nix-pkgs",
        "repo": "wepoll",
        "rev": "05b229fa0aa5a01c31bce5a33b97e970f49d0a05",
        "type": "github"
      },
      "original": {
        "owner": "nim-nix-pkgs",
        "ref": "master",
        "repo": "wepoll",
        "type": "github"
      }
    },
    "wepoll-master": {
      "inputs": {
        "flakeNimbleLib": [
          "ioselectors-master",
          "wepoll",
          "flakeNimbleLib"
        ],
        "nixpkgs": [
          "ioselectors-master",
          "wepoll",
          "nixpkgs"
        ],
        "src-wepoll-master": "src-wepoll-master"
      },
      "locked": {
        "dir": "master",
        "lastModified": 1647311554,
        "narHash": "sha256-H+FN8c7tS0VZUzPaAjvhtj8bIN4hE4H7BWkznb9zRxU=",
        "owner": "nim-nix-pkgs",
        "repo": "wepoll",
        "rev": "34c9033ff726907ed97e8cf0574a95c6e0437961",
        "type": "github"
      },
      "original": {
        "dir": "master",
        "owner": "nim-nix-pkgs",
        "ref": "master",
        "repo": "wepoll",
        "type": "github"
      }
    },
    "wepoll-master_2": {
      "inputs": {
        "flakeNimbleLib": [
          "ioselectors-v0_1_0",
          "wepoll",
          "flakeNimbleLib"
        ],
        "nixpkgs": [
          "ioselectors-v0_1_0",
          "wepoll",
          "nixpkgs"
        ],
        "src-wepoll-master": "src-wepoll-master_2"
      },
      "locked": {
        "dir": "master",
        "lastModified": 1647311554,
        "narHash": "sha256-H+FN8c7tS0VZUzPaAjvhtj8bIN4hE4H7BWkznb9zRxU=",
        "owner": "nim-nix-pkgs",
        "repo": "wepoll",
        "rev": "34c9033ff726907ed97e8cf0574a95c6e0437961",
        "type": "github"
      },
      "original": {
        "dir": "master",
        "owner": "nim-nix-pkgs",
        "ref": "master",
        "repo": "wepoll",
        "type": "github"
      }
    },
    "wepoll-master_3": {
      "inputs": {
        "flakeNimbleLib": [
          "ioselectors-v0_1_2",
          "wepoll",
          "flakeNimbleLib"
        ],
        "nixpkgs": [
          "ioselectors-v0_1_2",
          "wepoll",
          "nixpkgs"
        ],
        "src-wepoll-master": "src-wepoll-master_3"
      },
      "locked": {
        "dir": "master",
        "lastModified": 1647311554,
        "narHash": "sha256-H+FN8c7tS0VZUzPaAjvhtj8bIN4hE4H7BWkznb9zRxU=",
        "owner": "nim-nix-pkgs",
        "repo": "wepoll",
        "rev": "34c9033ff726907ed97e8cf0574a95c6e0437961",
        "type": "github"
      },
      "original": {
        "dir": "master",
        "owner": "nim-nix-pkgs",
        "ref": "master",
        "repo": "wepoll",
        "type": "github"
      }
    },
    "wepoll-master_4": {
      "inputs": {
        "flakeNimbleLib": [
          "ioselectors-v0_1_8",
          "wepoll",
          "flakeNimbleLib"
        ],
        "nixpkgs": [
          "ioselectors-v0_1_8",
          "wepoll",
          "nixpkgs"
        ],
        "src-wepoll-master": "src-wepoll-master_4"
      },
      "locked": {
        "dir": "master",
        "lastModified": 1647311554,
        "narHash": "sha256-H+FN8c7tS0VZUzPaAjvhtj8bIN4hE4H7BWkznb9zRxU=",
        "owner": "nim-nix-pkgs",
        "repo": "wepoll",
        "rev": "34c9033ff726907ed97e8cf0574a95c6e0437961",
        "type": "github"
      },
      "original": {
        "dir": "master",
        "owner": "nim-nix-pkgs",
        "ref": "master",
        "repo": "wepoll",
        "type": "github"
      }
    },
    "wepoll-v0_1_0": {
      "inputs": {
        "flakeNimbleLib": [
          "ioselectors-master",
          "wepoll",
          "flakeNimbleLib"
        ],
        "nixpkgs": [
          "ioselectors-master",
          "wepoll",
          "nixpkgs"
        ],
        "src-wepoll-v0_1_0": "src-wepoll-v0_1_0"
      },
      "locked": {
        "dir": "v0_1_0",
        "lastModified": 1647311554,
        "narHash": "sha256-H+FN8c7tS0VZUzPaAjvhtj8bIN4hE4H7BWkznb9zRxU=",
        "owner": "nim-nix-pkgs",
        "repo": "wepoll",
        "rev": "34c9033ff726907ed97e8cf0574a95c6e0437961",
        "type": "github"
      },
      "original": {
        "dir": "v0_1_0",
        "owner": "nim-nix-pkgs",
        "ref": "master",
        "repo": "wepoll",
        "type": "github"
      }
    },
    "wepoll-v0_1_0_2": {
      "inputs": {
        "flakeNimbleLib": [
          "ioselectors-v0_1_0",
          "wepoll",
          "flakeNimbleLib"
        ],
        "nixpkgs": [
          "ioselectors-v0_1_0",
          "wepoll",
          "nixpkgs"
        ],
        "src-wepoll-v0_1_0": "src-wepoll-v0_1_0_2"
      },
      "locked": {
        "dir": "v0_1_0",
        "lastModified": 1647311554,
        "narHash": "sha256-H+FN8c7tS0VZUzPaAjvhtj8bIN4hE4H7BWkznb9zRxU=",
        "owner": "nim-nix-pkgs",
        "repo": "wepoll",
        "rev": "34c9033ff726907ed97e8cf0574a95c6e0437961",
        "type": "github"
      },
      "original": {
        "dir": "v0_1_0",
        "owner": "nim-nix-pkgs",
        "ref": "master",
        "repo": "wepoll",
        "type": "github"
      }
    },
    "wepoll-v0_1_0_3": {
      "inputs": {
        "flakeNimbleLib": [
          "ioselectors-v0_1_2",
          "wepoll",
          "flakeNimbleLib"
        ],
        "nixpkgs": [
          "ioselectors-v0_1_2",
          "wepoll",
          "nixpkgs"
        ],
        "src-wepoll-v0_1_0": "src-wepoll-v0_1_0_3"
      },
      "locked": {
        "dir": "v0_1_0",
        "lastModified": 1647311554,
        "narHash": "sha256-H+FN8c7tS0VZUzPaAjvhtj8bIN4hE4H7BWkznb9zRxU=",
        "owner": "nim-nix-pkgs",
        "repo": "wepoll",
        "rev": "34c9033ff726907ed97e8cf0574a95c6e0437961",
        "type": "github"
      },
      "original": {
        "dir": "v0_1_0",
        "owner": "nim-nix-pkgs",
        "ref": "master",
        "repo": "wepoll",
        "type": "github"
      }
    },
    "wepoll-v0_1_0_4": {
      "inputs": {
        "flakeNimbleLib": [
          "ioselectors-v0_1_8",
          "wepoll",
          "flakeNimbleLib"
        ],
        "nixpkgs": [
          "ioselectors-v0_1_8",
          "wepoll",
          "nixpkgs"
        ],
        "src-wepoll-v0_1_0": "src-wepoll-v0_1_0_4"
      },
      "locked": {
        "dir": "v0_1_0",
        "lastModified": 1647311554,
        "narHash": "sha256-H+FN8c7tS0VZUzPaAjvhtj8bIN4hE4H7BWkznb9zRxU=",
        "owner": "nim-nix-pkgs",
        "repo": "wepoll",
        "rev": "34c9033ff726907ed97e8cf0574a95c6e0437961",
        "type": "github"
      },
      "original": {
        "dir": "v0_1_0",
        "owner": "nim-nix-pkgs",
        "ref": "master",
        "repo": "wepoll",
        "type": "github"
      }
    },
    "wepoll_2": {
      "inputs": {
        "flakeNimbleLib": [
          "ioselectors-v0_1_0",
          "flakeNimbleLib"
        ],
        "nixpkgs": [
          "ioselectors-v0_1_0",
          "nixpkgs"
        ],
        "wepoll-master": "wepoll-master_2",
        "wepoll-v0_1_0": "wepoll-v0_1_0_2"
      },
      "locked": {
        "lastModified": 1647398772,
        "narHash": "sha256-oIpVdhSaQ6iqlDcf/WnXcFleGZnsJ8slBTwXbysVPXc=",
        "owner": "nim-nix-pkgs",
        "repo": "wepoll",
        "rev": "05b229fa0aa5a01c31bce5a33b97e970f49d0a05",
        "type": "github"
      },
      "original": {
        "owner": "nim-nix-pkgs",
        "ref": "master",
        "repo": "wepoll",
        "type": "github"
      }
    },
    "wepoll_3": {
      "inputs": {
        "flakeNimbleLib": [
          "ioselectors-v0_1_2",
          "flakeNimbleLib"
        ],
        "nixpkgs": [
          "ioselectors-v0_1_2",
          "nixpkgs"
        ],
        "wepoll-master": "wepoll-master_3",
        "wepoll-v0_1_0": "wepoll-v0_1_0_3"
      },
      "locked": {
        "lastModified": 1647398772,
        "narHash": "sha256-oIpVdhSaQ6iqlDcf/WnXcFleGZnsJ8slBTwXbysVPXc=",
        "owner": "nim-nix-pkgs",
        "repo": "wepoll",
        "rev": "05b229fa0aa5a01c31bce5a33b97e970f49d0a05",
        "type": "github"
      },
      "original": {
        "owner": "nim-nix-pkgs",
        "ref": "master",
        "repo": "wepoll",
        "type": "github"
      }
    },
    "wepoll_4": {
      "inputs": {
        "flakeNimbleLib": [
          "ioselectors-v0_1_8",
          "flakeNimbleLib"
        ],
        "nixpkgs": [
          "ioselectors-v0_1_8",
          "nixpkgs"
        ],
        "wepoll-master": "wepoll-master_4",
        "wepoll-v0_1_0": "wepoll-v0_1_0_4"
      },
      "locked": {
        "lastModified": 1647398772,
        "narHash": "sha256-oIpVdhSaQ6iqlDcf/WnXcFleGZnsJ8slBTwXbysVPXc=",
        "owner": "nim-nix-pkgs",
        "repo": "wepoll",
        "rev": "05b229fa0aa5a01c31bce5a33b97e970f49d0a05",
        "type": "github"
      },
      "original": {
        "owner": "nim-nix-pkgs",
        "ref": "master",
        "repo": "wepoll",
        "type": "github"
      }
    }
  },
  "root": "root",
  "version": 7
}
